// !$*UTF8*$!
{
	archiveVersion = 1;
	classes = {
	};
	objectVersion = 46;
	objects = {

/* Begin PBXBuildFile section */
		6C2C1FEB1CE19AD500051ADF /* ATZAlertController+Helper.m in Sources */ = {isa = PBXBuildFile; fileRef = 6C2C1FE81CE19AD500051ADF /* ATZAlertController+Helper.m */; };
		6C2C1FEC1CE19AD500051ADF /* ATZAlertController.m in Sources */ = {isa = PBXBuildFile; fileRef = 6C2C1FEA1CE19AD500051ADF /* ATZAlertController.m */; };
		6C2DD7E31D055E7900E1CBA2 /* ATZAlertController+Helper.swift in Sources */ = {isa = PBXBuildFile; fileRef = 6C2DD7E11D055E7900E1CBA2 /* ATZAlertController+Helper.swift */; };
		6C2DD7E41D055E7900E1CBA2 /* ATZAlertController.swift in Sources */ = {isa = PBXBuildFile; fileRef = 6C2DD7E21D055E7900E1CBA2 /* ATZAlertController.swift */; };
		6C51DADE1CE05FD800B695E0 /* main.m in Sources */ = {isa = PBXBuildFile; fileRef = 6C51DADD1CE05FD800B695E0 /* main.m */; };
		6C51DAE11CE05FD800B695E0 /* AppDelegate.m in Sources */ = {isa = PBXBuildFile; fileRef = 6C51DAE01CE05FD800B695E0 /* AppDelegate.m */; };
		6C51DAE41CE05FD800B695E0 /* ViewController.m in Sources */ = {isa = PBXBuildFile; fileRef = 6C51DAE31CE05FD800B695E0 /* ViewController.m */; };
		6C51DAE71CE05FD800B695E0 /* Main.storyboard in Resources */ = {isa = PBXBuildFile; fileRef = 6C51DAE51CE05FD800B695E0 /* Main.storyboard */; };
		6C51DAE91CE05FD800B695E0 /* Assets.xcassets in Resources */ = {isa = PBXBuildFile; fileRef = 6C51DAE81CE05FD800B695E0 /* Assets.xcassets */; };
		6C51DAEC1CE05FD800B695E0 /* LaunchScreen.storyboard in Resources */ = {isa = PBXBuildFile; fileRef = 6C51DAEA1CE05FD800B695E0 /* LaunchScreen.storyboard */; };
		6C9098F71D02D24E00AA0607 /* AppDelegate.swift in Sources */ = {isa = PBXBuildFile; fileRef = 6C9098F61D02D24E00AA0607 /* AppDelegate.swift */; };
		6C9098F91D02D24E00AA0607 /* ViewController.swift in Sources */ = {isa = PBXBuildFile; fileRef = 6C9098F81D02D24E00AA0607 /* ViewController.swift */; };
		6C9098FC1D02D24E00AA0607 /* Main.storyboard in Resources */ = {isa = PBXBuildFile; fileRef = 6C9098FA1D02D24E00AA0607 /* Main.storyboard */; };
		6C9098FE1D02D24E00AA0607 /* Assets.xcassets in Resources */ = {isa = PBXBuildFile; fileRef = 6C9098FD1D02D24E00AA0607 /* Assets.xcassets */; };
		6C9099011D02D24E00AA0607 /* LaunchScreen.storyboard in Resources */ = {isa = PBXBuildFile; fileRef = 6C9098FF1D02D24E00AA0607 /* LaunchScreen.storyboard */; };
/* End PBXBuildFile section */

/* Begin PBXFileReference section */
		6C2C1FE71CE19AD500051ADF /* ATZAlertController+Helper.h */ = {isa = PBXFileReference; fileEncoding = 4; lastKnownFileType = sourcecode.c.h; path = "ATZAlertController+Helper.h"; sourceTree = "<group>"; };
		6C2C1FE81CE19AD500051ADF /* ATZAlertController+Helper.m */ = {isa = PBXFileReference; fileEncoding = 4; lastKnownFileType = sourcecode.c.objc; path = "ATZAlertController+Helper.m"; sourceTree = "<group>"; };
		6C2C1FE91CE19AD500051ADF /* ATZAlertController.h */ = {isa = PBXFileReference; fileEncoding = 4; lastKnownFileType = sourcecode.c.h; path = ATZAlertController.h; sourceTree = "<group>"; };
		6C2C1FEA1CE19AD500051ADF /* ATZAlertController.m */ = {isa = PBXFileReference; fileEncoding = 4; lastKnownFileType = sourcecode.c.objc; path = ATZAlertController.m; sourceTree = "<group>"; };
		6C2DD7E11D055E7900E1CBA2 /* ATZAlertController+Helper.swift */ = {isa = PBXFileReference; fileEncoding = 4; lastKnownFileType = sourcecode.swift; path = "ATZAlertController+Helper.swift"; sourceTree = "<group>"; };
		6C2DD7E21D055E7900E1CBA2 /* ATZAlertController.swift */ = {isa = PBXFileReference; fileEncoding = 4; lastKnownFileType = sourcecode.swift; path = ATZAlertController.swift; sourceTree = "<group>"; };
		6C51DAD91CE05FD800B695E0 /* ATZAlertController.app */ = {isa = PBXFileReference; explicitFileType = wrapper.application; includeInIndex = 0; path = ATZAlertController.app; sourceTree = BUILT_PRODUCTS_DIR; };
		6C51DADD1CE05FD800B695E0 /* main.m */ = {isa = PBXFileReference; lastKnownFileType = sourcecode.c.objc; path = main.m; sourceTree = "<group>"; };
		6C51DADF1CE05FD800B695E0 /* AppDelegate.h */ = {isa = PBXFileReference; lastKnownFileType = sourcecode.c.h; path = AppDelegate.h; sourceTree = "<group>"; };
		6C51DAE01CE05FD800B695E0 /* AppDelegate.m */ = {isa = PBXFileReference; lastKnownFileType = sourcecode.c.objc; path = AppDelegate.m; sourceTree = "<group>"; };
		6C51DAE21CE05FD800B695E0 /* ViewController.h */ = {isa = PBXFileReference; lastKnownFileType = sourcecode.c.h; path = ViewController.h; sourceTree = "<group>"; };
		6C51DAE31CE05FD800B695E0 /* ViewController.m */ = {isa = PBXFileReference; lastKnownFileType = sourcecode.c.objc; path = ViewController.m; sourceTree = "<group>"; };
		6C51DAE61CE05FD800B695E0 /* Base */ = {isa = PBXFileReference; lastKnownFileType = file.storyboard; name = Base; path = Base.lproj/Main.storyboard; sourceTree = "<group>"; };
		6C51DAE81CE05FD800B695E0 /* Assets.xcassets */ = {isa = PBXFileReference; lastKnownFileType = folder.assetcatalog; path = Assets.xcassets; sourceTree = "<group>"; };
		6C51DAEB1CE05FD800B695E0 /* Base */ = {isa = PBXFileReference; lastKnownFileType = file.storyboard; name = Base; path = Base.lproj/LaunchScreen.storyboard; sourceTree = "<group>"; };
		6C51DAED1CE05FD800B695E0 /* Info.plist */ = {isa = PBXFileReference; lastKnownFileType = text.plist.xml; path = Info.plist; sourceTree = "<group>"; };
		6C9098F41D02D24E00AA0607 /* ATZAlertController->Swift.app */ = {isa = PBXFileReference; explicitFileType = wrapper.application; includeInIndex = 0; path = "ATZAlertController->Swift.app"; sourceTree = BUILT_PRODUCTS_DIR; };
		6C9098F61D02D24E00AA0607 /* AppDelegate.swift */ = {isa = PBXFileReference; lastKnownFileType = sourcecode.swift; path = AppDelegate.swift; sourceTree = "<group>"; };
		6C9098F81D02D24E00AA0607 /* ViewController.swift */ = {isa = PBXFileReference; lastKnownFileType = sourcecode.swift; path = ViewController.swift; sourceTree = "<group>"; };
		6C9098FB1D02D24E00AA0607 /* Base */ = {isa = PBXFileReference; lastKnownFileType = file.storyboard; name = Base; path = Base.lproj/Main.storyboard; sourceTree = "<group>"; };
		6C9098FD1D02D24E00AA0607 /* Assets.xcassets */ = {isa = PBXFileReference; lastKnownFileType = folder.assetcatalog; path = Assets.xcassets; sourceTree = "<group>"; };
		6C9099001D02D24E00AA0607 /* Base */ = {isa = PBXFileReference; lastKnownFileType = file.storyboard; name = Base; path = Base.lproj/LaunchScreen.storyboard; sourceTree = "<group>"; };
		6C9099021D02D24E00AA0607 /* Info.plist */ = {isa = PBXFileReference; lastKnownFileType = text.plist.xml; path = Info.plist; sourceTree = "<group>"; };
/* End PBXFileReference section */

/* Begin PBXFrameworksBuildPhase section */
		6C51DAD61CE05FD800B695E0 /* Frameworks */ = {
			isa = PBXFrameworksBuildPhase;
			buildActionMask = 2147483647;
			files = (
			);
			runOnlyForDeploymentPostprocessing = 0;
		};
		6C9098F11D02D24E00AA0607 /* Frameworks */ = {
			isa = PBXFrameworksBuildPhase;
			buildActionMask = 2147483647;
			files = (
			);
			runOnlyForDeploymentPostprocessing = 0;
		};
/* End PBXFrameworksBuildPhase section */

/* Begin PBXGroup section */
		6C2C1FE61CE19AD500051ADF /* ATZAlertController */ = {
			isa = PBXGroup;
			children = (
				6C2C1FE91CE19AD500051ADF /* ATZAlertController.h */,
				6C2C1FEA1CE19AD500051ADF /* ATZAlertController.m */,
				6C2C1FE71CE19AD500051ADF /* ATZAlertController+Helper.h */,
				6C2C1FE81CE19AD500051ADF /* ATZAlertController+Helper.m */,
			);
			name = ATZAlertController;
			path = ../../ATZAlertController;
			sourceTree = "<group>";
		};
		6C2DD7E01D055E7900E1CBA2 /* ATZAlertController->Swift */ = {
			isa = PBXGroup;
			children = (
				6C2DD7E11D055E7900E1CBA2 /* ATZAlertController+Helper.swift */,
				6C2DD7E21D055E7900E1CBA2 /* ATZAlertController.swift */,
			);
			name = "ATZAlertController->Swift";
			path = "../../ATZAlertController->Swift";
			sourceTree = "<group>";
		};
		6C51DAD01CE05FD800B695E0 = {
			isa = PBXGroup;
			children = (
				6C51DADB1CE05FD800B695E0 /* ATZAlertController */,
				6C9098F51D02D24E00AA0607 /* ATZAlertController->Swift */,
				6C51DADA1CE05FD800B695E0 /* Products */,
			);
			sourceTree = "<group>";
		};
		6C51DADA1CE05FD800B695E0 /* Products */ = {
			isa = PBXGroup;
			children = (
				6C51DAD91CE05FD800B695E0 /* ATZAlertController.app */,
				6C9098F41D02D24E00AA0607 /* ATZAlertController->Swift.app */,
			);
			name = Products;
			sourceTree = "<group>";
		};
		6C51DADB1CE05FD800B695E0 /* ATZAlertController */ = {
			isa = PBXGroup;
			children = (
				6C2C1FE61CE19AD500051ADF /* ATZAlertController */,
				6C51DADF1CE05FD800B695E0 /* AppDelegate.h */,
				6C51DAE01CE05FD800B695E0 /* AppDelegate.m */,
				6C51DAE21CE05FD800B695E0 /* ViewController.h */,
				6C51DAE31CE05FD800B695E0 /* ViewController.m */,
				6C51DAE51CE05FD800B695E0 /* Main.storyboard */,
				6C51DAE81CE05FD800B695E0 /* Assets.xcassets */,
				6C51DAEA1CE05FD800B695E0 /* LaunchScreen.storyboard */,
				6C51DAED1CE05FD800B695E0 /* Info.plist */,
				6C51DADC1CE05FD800B695E0 /* Supporting Files */,
			);
			path = ATZAlertController;
			sourceTree = "<group>";
		};
		6C51DADC1CE05FD800B695E0 /* Supporting Files */ = {
			isa = PBXGroup;
			children = (
				6C51DADD1CE05FD800B695E0 /* main.m */,
			);
			name = "Supporting Files";
			sourceTree = "<group>";
		};
		6C9098F51D02D24E00AA0607 /* ATZAlertController->Swift */ = {
			isa = PBXGroup;
			children = (
				6C2DD7E01D055E7900E1CBA2 /* ATZAlertController->Swift */,
				6C9098F61D02D24E00AA0607 /* AppDelegate.swift */,
				6C9098F81D02D24E00AA0607 /* ViewController.swift */,
				6C9098FA1D02D24E00AA0607 /* Main.storyboard */,
				6C9098FD1D02D24E00AA0607 /* Assets.xcassets */,
				6C9098FF1D02D24E00AA0607 /* LaunchScreen.storyboard */,
				6C9099021D02D24E00AA0607 /* Info.plist */,
			);
			path = "ATZAlertController->Swift";
			sourceTree = "<group>";
		};
/* End PBXGroup section */

/* Begin PBXNativeTarget section */
		6C51DAD81CE05FD800B695E0 /* ATZAlertController */ = {
			isa = PBXNativeTarget;
			buildConfigurationList = 6C51DAF01CE05FD800B695E0 /* Build configuration list for PBXNativeTarget "ATZAlertController" */;
			buildPhases = (
				6C51DAD51CE05FD800B695E0 /* Sources */,
				6C51DAD61CE05FD800B695E0 /* Frameworks */,
				6C51DAD71CE05FD800B695E0 /* Resources */,
			);
			buildRules = (
			);
			dependencies = (
			);
			name = ATZAlertController;
			productName = ATZAlertController;
			productReference = 6C51DAD91CE05FD800B695E0 /* ATZAlertController.app */;
			productType = "com.apple.product-type.application";
		};
		6C9098F31D02D24E00AA0607 /* ATZAlertController->Swift */ = {
			isa = PBXNativeTarget;
			buildConfigurationList = 6C9099051D02D24E00AA0607 /* Build configuration list for PBXNativeTarget "ATZAlertController->Swift" */;
			buildPhases = (
				6C9098F01D02D24E00AA0607 /* Sources */,
				6C9098F11D02D24E00AA0607 /* Frameworks */,
				6C9098F21D02D24E00AA0607 /* Resources */,
			);
			buildRules = (
			);
			dependencies = (
			);
			name = "ATZAlertController->Swift";
			productName = "ATZAlertController->Swift";
			productReference = 6C9098F41D02D24E00AA0607 /* ATZAlertController->Swift.app */;
			productType = "com.apple.product-type.application";
		};
/* End PBXNativeTarget section */

/* Begin PBXProject section */
		6C51DAD11CE05FD800B695E0 /* Project object */ = {
			isa = PBXProject;
			attributes = {
				LastSwiftUpdateCheck = 0730;
				LastUpgradeCheck = 0720;
				ORGANIZATIONNAME = abhi;
				TargetAttributes = {
					6C51DAD81CE05FD800B695E0 = {
						CreatedOnToolsVersion = 7.2;
					};
					6C9098F31D02D24E00AA0607 = {
						CreatedOnToolsVersion = 7.3.1;
					};
				};
			};
			buildConfigurationList = 6C51DAD41CE05FD800B695E0 /* Build configuration list for PBXProject "ATZAlertController" */;
			compatibilityVersion = "Xcode 3.2";
			developmentRegion = English;
			hasScannedForEncodings = 0;
			knownRegions = (
				en,
				Base,
			);
			mainGroup = 6C51DAD01CE05FD800B695E0;
			productRefGroup = 6C51DADA1CE05FD800B695E0 /* Products */;
			projectDirPath = "";
			projectRoot = "";
			targets = (
				6C51DAD81CE05FD800B695E0 /* ATZAlertController */,
				6C9098F31D02D24E00AA0607 /* ATZAlertController->Swift */,
			);
		};
/* End PBXProject section */

/* Begin PBXResourcesBuildPhase section */
		6C51DAD71CE05FD800B695E0 /* Resources */ = {
			isa = PBXResourcesBuildPhase;
			buildActionMask = 2147483647;
			files = (
				6C51DAEC1CE05FD800B695E0 /* LaunchScreen.storyboard in Resources */,
				6C51DAE91CE05FD800B695E0 /* Assets.xcassets in Resources */,
				6C51DAE71CE05FD800B695E0 /* Main.storyboard in Resources */,
			);
			runOnlyForDeploymentPostprocessing = 0;
		};
		6C9098F21D02D24E00AA0607 /* Resources */ = {
			isa = PBXResourcesBuildPhase;
			buildActionMask = 2147483647;
			files = (
				6C9099011D02D24E00AA0607 /* LaunchScreen.storyboard in Resources */,
				6C9098FE1D02D24E00AA0607 /* Assets.xcassets in Resources */,
				6C9098FC1D02D24E00AA0607 /* Main.storyboard in Resources */,
			);
			runOnlyForDeploymentPostprocessing = 0;
		};
/* End PBXResourcesBuildPhase section */

/* Begin PBXSourcesBuildPhase section */
		6C51DAD51CE05FD800B695E0 /* Sources */ = {
			isa = PBXSourcesBuildPhase;
			buildActionMask = 2147483647;
			files = (
				6C2C1FEB1CE19AD500051ADF /* ATZAlertController+Helper.m in Sources */,
				6C51DAE41CE05FD800B695E0 /* ViewController.m in Sources */,
				6C51DAE11CE05FD800B695E0 /* AppDelegate.m in Sources */,
				6C2C1FEC1CE19AD500051ADF /* ATZAlertController.m in Sources */,
				6C51DADE1CE05FD800B695E0 /* main.m in Sources */,
			);
			runOnlyForDeploymentPostprocessing = 0;
		};
		6C9098F01D02D24E00AA0607 /* Sources */ = {
			isa = PBXSourcesBuildPhase;
			buildActionMask = 2147483647;
			files = (
				6C9098F91D02D24E00AA0607 /* ViewController.swift in Sources */,
				6C9098F71D02D24E00AA0607 /* AppDelegate.swift in Sources */,
				6C2DD7E41D055E7900E1CBA2 /* ATZAlertController.swift in Sources */,
				6C2DD7E31D055E7900E1CBA2 /* ATZAlertController+Helper.swift in Sources */,
			);
			runOnlyForDeploymentPostprocessing = 0;
		};
/* End PBXSourcesBuildPhase section */

/* Begin PBXVariantGroup section */
		6C51DAE51CE05FD800B695E0 /* Main.storyboard */ = {
			isa = PBXVariantGroup;
			children = (
				6C51DAE61CE05FD800B695E0 /* Base */,
			);
			name = Main.storyboard;
			sourceTree = "<group>";
		};
		6C51DAEA1CE05FD800B695E0 /* LaunchScreen.storyboard */ = {
			isa = PBXVariantGroup;
			children = (
				6C51DAEB1CE05FD800B695E0 /* Base */,
			);
			name = LaunchScreen.storyboard;
			sourceTree = "<group>";
		};
		6C9098FA1D02D24E00AA0607 /* Main.storyboard */ = {
			isa = PBXVariantGroup;
			children = (
				6C9098FB1D02D24E00AA0607 /* Base */,
			);
			name = Main.storyboard;
			sourceTree = "<group>";
		};
		6C9098FF1D02D24E00AA0607 /* LaunchScreen.storyboard */ = {
			isa = PBXVariantGroup;
			children = (
				6C9099001D02D24E00AA0607 /* Base */,
			);
			name = LaunchScreen.storyboard;
			sourceTree = "<group>";
		};
/* End PBXVariantGroup section */

/* Begin XCBuildConfiguration section */
		6C51DAEE1CE05FD800B695E0 /* Debug */ = {
			isa = XCBuildConfiguration;
			buildSettings = {
				ALWAYS_SEARCH_USER_PATHS = NO;
				CLANG_CXX_LANGUAGE_STANDARD = "gnu++0x";
				CLANG_CXX_LIBRARY = "libc++";
				CLANG_ENABLE_MODULES = YES;
				CLANG_ENABLE_OBJC_ARC = YES;
				CLANG_WARN_BOOL_CONVERSION = YES;
				CLANG_WARN_CONSTANT_CONVERSION = YES;
				CLANG_WARN_DIRECT_OBJC_ISA_USAGE = YES_ERROR;
				CLANG_WARN_EMPTY_BODY = YES;
				CLANG_WARN_ENUM_CONVERSION = YES;
				CLANG_WARN_INT_CONVERSION = YES;
				CLANG_WARN_OBJC_ROOT_CLASS = YES_ERROR;
				CLANG_WARN_UNREACHABLE_CODE = YES;
				CLANG_WARN__DUPLICATE_METHOD_MATCH = YES;
				"CODE_SIGN_IDENTITY[sdk=iphoneos*]" = "iPhone Developer";
				COPY_PHASE_STRIP = NO;
				DEBUG_INFORMATION_FORMAT = dwarf;
				ENABLE_STRICT_OBJC_MSGSEND = YES;
				ENABLE_TESTABILITY = YES;
				GCC_C_LANGUAGE_STANDARD = gnu99;
				GCC_DYNAMIC_NO_PIC = NO;
				GCC_NO_COMMON_BLOCKS = YES;
				GCC_OPTIMIZATION_LEVEL = 0;
				GCC_PREPROCESSOR_DEFINITIONS = (
					"DEBUG=1",
					"$(inherited)",
				);
				GCC_WARN_64_TO_32_BIT_CONVERSION = YES;
				GCC_WARN_ABOUT_RETURN_TYPE = YES_ERROR;
				GCC_WARN_UNDECLARED_SELECTOR = YES;
				GCC_WARN_UNINITIALIZED_AUTOS = YES_AGGRESSIVE;
				GCC_WARN_UNUSED_FUNCTION = YES;
				GCC_WARN_UNUSED_VARIABLE = YES;
				IPHONEOS_DEPLOYMENT_TARGET = 9.2;
				MTL_ENABLE_DEBUG_INFO = YES;
				ONLY_ACTIVE_ARCH = YES;
				SDKROOT = iphoneos;
			};
			name = Debug;
		};
		6C51DAEF1CE05FD800B695E0 /* Release */ = {
			isa = XCBuildConfiguration;
			buildSettings = {
				ALWAYS_SEARCH_USER_PATHS = NO;
				CLANG_CXX_LANGUAGE_STANDARD = "gnu++0x";
				CLANG_CXX_LIBRARY = "libc++";
				CLANG_ENABLE_MODULES = YES;
				CLANG_ENABLE_OBJC_ARC = YES;
				CLANG_WARN_BOOL_CONVERSION = YES;
				CLANG_WARN_CONSTANT_CONVERSION = YES;
				CLANG_WARN_DIRECT_OBJC_ISA_USAGE = YES_ERROR;
				CLANG_WARN_EMPTY_BODY = YES;
				CLANG_WARN_ENUM_CONVERSION = YES;
				CLANG_WARN_INT_CONVERSION = YES;
				CLANG_WARN_OBJC_ROOT_CLASS = YES_ERROR;
				CLANG_WARN_UNREACHABLE_CODE = YES;
				CLANG_WARN__DUPLICATE_METHOD_MATCH = YES;
				"CODE_SIGN_IDENTITY[sdk=iphoneos*]" = "iPhone Developer";
				COPY_PHASE_STRIP = NO;
				DEBUG_INFORMATION_FORMAT = "dwarf-with-dsym";
				ENABLE_NS_ASSERTIONS = NO;
				ENABLE_STRICT_OBJC_MSGSEND = YES;
				GCC_C_LANGUAGE_STANDARD = gnu99;
				GCC_NO_COMMON_BLOCKS = YES;
				GCC_WARN_64_TO_32_BIT_CONVERSION = YES;
				GCC_WARN_ABOUT_RETURN_TYPE = YES_ERROR;
				GCC_WARN_UNDECLARED_SELECTOR = YES;
				GCC_WARN_UNINITIALIZED_AUTOS = YES_AGGRESSIVE;
				GCC_WARN_UNUSED_FUNCTION = YES;
				GCC_WARN_UNUSED_VARIABLE = YES;
				IPHONEOS_DEPLOYMENT_TARGET = 9.2;
				MTL_ENABLE_DEBUG_INFO = NO;
				SDKROOT = iphoneos;
				VALIDATE_PRODUCT = YES;
			};
			name = Release;
		};
		6C51DAF11CE05FD800B695E0 /* Debug */ = {
			isa = XCBuildConfiguration;
			buildSettings = {
				ASSETCATALOG_COMPILER_APPICON_NAME = AppIcon;
				INFOPLIST_FILE = ATZAlertController/Info.plist;
				IPHONEOS_DEPLOYMENT_TARGET = 8.0;
				LD_RUNPATH_SEARCH_PATHS = "$(inherited) @executable_path/Frameworks";
				PRODUCT_BUNDLE_IDENTIFIER = com.shashank.ATZAlertController;
				PRODUCT_NAME = "$(TARGET_NAME)";
			};
			name = Debug;
		};
		6C51DAF21CE05FD800B695E0 /* Release */ = {
			isa = XCBuildConfiguration;
			buildSettings = {
				ASSETCATALOG_COMPILER_APPICON_NAME = AppIcon;
				INFOPLIST_FILE = ATZAlertController/Info.plist;
				IPHONEOS_DEPLOYMENT_TARGET = 8.0;
				LD_RUNPATH_SEARCH_PATHS = "$(inherited) @executable_path/Frameworks";
				PRODUCT_BUNDLE_IDENTIFIER = com.shashank.ATZAlertController;
				PRODUCT_NAME = "$(TARGET_NAME)";
			};
			name = Release;
		};
		6C9099031D02D24E00AA0607 /* Debug */ = {
			isa = XCBuildConfiguration;
			buildSettings = {
				ASSETCATALOG_COMPILER_APPICON_NAME = AppIcon;
				CLANG_ANALYZER_NONNULL = YES;
				INFOPLIST_FILE = "ATZAlertController->Swift/Info.plist";
				IPHONEOS_DEPLOYMENT_TARGET = 8.0;
				LD_RUNPATH_SEARCH_PATHS = "$(inherited) @executable_path/Frameworks";
				PRODUCT_BUNDLE_IDENTIFIER = "com.shank.ATZAlertController--Swift";
				PRODUCT_NAME = "$(TARGET_NAME)";
				SWIFT_OPTIMIZATION_LEVEL = "-Onone";
			};
			name = Debug;
		};
		6C9099041D02D24E00AA0607 /* Release */ = {
			isa = XCBuildConfiguration;
			buildSettings = {
				ASSETCATALOG_COMPILER_APPICON_NAME = AppIcon;
				CLANG_ANALYZER_NONNULL = YES;
				INFOPLIST_FILE = "ATZAlertController->Swift/Info.plist";
				IPHONEOS_DEPLOYMENT_TARGET = 8.0;
				LD_RUNPATH_SEARCH_PATHS = "$(inherited) @executable_path/Frameworks";
				PRODUCT_BUNDLE_IDENTIFIER = "com.shank.ATZAlertController--Swift";
				PRODUCT_NAME = "$(TARGET_NAME)";
			};
			name = Release;
		};
/* End XCBuildConfiguration section */

/* Begin XCConfigurationList section */
		6C51DAD41CE05FD800B695E0 /* Build configuration list for PBXProject "ATZAlertController" */ = {
			isa = XCConfigurationList;
			buildConfigurations = (
				6C51DAEE1CE05FD800B695E0 /* Debug */,
				6C51DAEF1CE05FD800B695E0 /* Release */,
			);
			defaultConfigurationIsVisible = 0;
			defaultConfigurationName = Release;
		};
		6C51DAF01CE05FD800B695E0 /* Build configuration list for PBXNativeTarget "ATZAlertController" */ = {
			isa = XCConfigurationList;
			buildConfigurations = (
				6C51DAF11CE05FD800B695E0 /* Debug */,
				6C51DAF21CE05FD800B695E0 /* Release */,
			);
			defaultConfigurationIsVisible = 0;
			defaultConfigurationName = Release;
		};
		6C9099051D02D24E00AA0607 /* Build configuration list for PBXNativeTarget "ATZAlertController->Swift" */ = {
			isa = XCConfigurationList;
			buildConfigurations = (
				6C9099031D02D24E00AA0607 /* Debug */,
				6C9099041D02D24E00AA0607 /* Release */,
			);
			defaultConfigurationIsVisible = 0;
			defaultConfigurationName = Release;
		};
/* End XCConfigurationList section */
	};
	rootObject = 6C51DAD11CE05FD800B695E0 /* Project object */;
}
