// !$*UTF8*$!
{
	archiveVersion = 1;
	classes = {
	};
	objectVersion = 46;
	objects = {

/* Begin PBXBuildFile section */
		6BBB3AEA1D4CCB6900210D35 /* AppDelegate.swift in Sources */ = {isa = PBXBuildFile; fileRef = 6BBB3AE21D4CCB6900210D35 /* AppDelegate.swift */; };
		6BBB3AEB1D4CCB6900210D35 /* Assets.xcassets in Resources */ = {isa = PBXBuildFile; fileRef = 6BBB3AE31D4CCB6900210D35 /* Assets.xcassets */; };
		6BBB3AEC1D4CCB6900210D35 /* LaunchScreen.storyboard in Resources */ = {isa = PBXBuildFile; fileRef = 6BBB3AE41D4CCB6900210D35 /* LaunchScreen.storyboard */; };
		6BBB3AED1D4CCB6900210D35 /* Main.storyboard in Resources */ = {isa = PBXBuildFile; fileRef = 6BBB3AE61D4CCB6900210D35 /* Main.storyboard */; };
		6BBB3AEF1D4CCB6900210D35 /* ViewController.swift in Sources */ = {isa = PBXBuildFile; fileRef = 6BBB3AE91D4CCB6900210D35 /* ViewController.swift */; };
		6BBB3AF31D4CCB8E00210D35 /* ATZAlertController+Helper.swift in Sources */ = {isa = PBXBuildFile; fileRef = 6BBB3AF11D4CCB8E00210D35 /* ATZAlertController+Helper.swift */; };
		6BBB3AF41D4CCB8E00210D35 /* ATZAlertController.swift in Sources */ = {isa = PBXBuildFile; fileRef = 6BBB3AF21D4CCB8E00210D35 /* ATZAlertController.swift */; };
/* End PBXBuildFile section */

/* Begin PBXFileReference section */
		6BBB3AE21D4CCB6900210D35 /* AppDelegate.swift */ = {isa = PBXFileReference; fileEncoding = 4; lastKnownFileType = sourcecode.swift; path = AppDelegate.swift; sourceTree = "<group>"; };
		6BBB3AE31D4CCB6900210D35 /* Assets.xcassets */ = {isa = PBXFileReference; lastKnownFileType = folder.assetcatalog; path = Assets.xcassets; sourceTree = "<group>"; };
		6BBB3AE51D4CCB6900210D35 /* Base */ = {isa = PBXFileReference; lastKnownFileType = file.storyboard; name = Base; path = Base.lproj/LaunchScreen.storyboard; sourceTree = "<group>"; };
		6BBB3AE71D4CCB6900210D35 /* Base */ = {isa = PBXFileReference; lastKnownFileType = file.storyboard; name = Base; path = Base.lproj/Main.storyboard; sourceTree = "<group>"; };
		6BBB3AE81D4CCB6900210D35 /* Info.plist */ = {isa = PBXFileReference; fileEncoding = 4; lastKnownFileType = text.plist.xml; path = Info.plist; sourceTree = "<group>"; };
		6BBB3AE91D4CCB6900210D35 /* ViewController.swift */ = {isa = PBXFileReference; fileEncoding = 4; lastKnownFileType = sourcecode.swift; path = ViewController.swift; sourceTree = "<group>"; };
		6BBB3AF11D4CCB8E00210D35 /* ATZAlertController+Helper.swift */ = {isa = PBXFileReference; fileEncoding = 4; lastKnownFileType = sourcecode.swift; path = "ATZAlertController+Helper.swift"; sourceTree = "<group>"; };
		6BBB3AF21D4CCB8E00210D35 /* ATZAlertController.swift */ = {isa = PBXFileReference; fileEncoding = 4; lastKnownFileType = sourcecode.swift; path = ATZAlertController.swift; sourceTree = "<group>"; };
		6BDA17111D0565F0002BEFEF /* ATZAlertController.app */ = {isa = PBXFileReference; explicitFileType = wrapper.application; includeInIndex = 0; path = ATZAlertController.app; sourceTree = BUILT_PRODUCTS_DIR; };
/* End PBXFileReference section */

/* Begin PBXFrameworksBuildPhase section */
		6BDA170E1D0565F0002BEFEF /* Frameworks */ = {
			isa = PBXFrameworksBuildPhase;
			buildActionMask = 2147483647;
			files = (
			);
			runOnlyForDeploymentPostprocessing = 0;
		};
/* End PBXFrameworksBuildPhase section */

/* Begin PBXGroup section */
		6BBB3AE11D4CCB6900210D35 /* ATZAlertController */ = {
			isa = PBXGroup;
			children = (
				6BBB3AF01D4CCB8E00210D35 /* ATZAlertController */,
				6BBB3AE21D4CCB6900210D35 /* AppDelegate.swift */,
				6BBB3AE91D4CCB6900210D35 /* ViewController.swift */,
				6BBB3AE31D4CCB6900210D35 /* Assets.xcassets */,
				6BBB3AE41D4CCB6900210D35 /* LaunchScreen.storyboard */,
				6BBB3AE61D4CCB6900210D35 /* Main.storyboard */,
				6BBB3AE81D4CCB6900210D35 /* Info.plist */,
			);
			path = ATZAlertController;
			sourceTree = "<group>";
		};
		6BBB3AF01D4CCB8E00210D35 /* ATZAlertController */ = {
			isa = PBXGroup;
			children = (
				6BBB3AF21D4CCB8E00210D35 /* ATZAlertController.swift */,
				6BBB3AF11D4CCB8E00210D35 /* ATZAlertController+Helper.swift */,
			);
			path = ATZAlertController;
			sourceTree = "<group>";
		};
		6C51DAD01CE05FD800B695E0 = {
			isa = PBXGroup;
			children = (
				6BBB3AE11D4CCB6900210D35 /* ATZAlertController */,
				6C51DADA1CE05FD800B695E0 /* Products */,
			);
			sourceTree = "<group>";
		};
		6C51DADA1CE05FD800B695E0 /* Products */ = {
			isa = PBXGroup;
			children = (
				6BDA17111D0565F0002BEFEF /* ATZAlertController.app */,
			);
			name = Products;
			sourceTree = "<group>";
		};
/* End PBXGroup section */

/* Begin PBXNativeTarget section */
		6BDA17101D0565F0002BEFEF /* ATZAlertController */ = {
			isa = PBXNativeTarget;
			buildConfigurationList = 6BDA17201D0565F1002BEFEF /* Build configuration list for PBXNativeTarget "ATZAlertController" */;
			buildPhases = (
				6BDA170D1D0565F0002BEFEF /* Sources */,
				6BDA170E1D0565F0002BEFEF /* Frameworks */,
				6BDA170F1D0565F0002BEFEF /* Resources */,
			);
			buildRules = (
			);
			dependencies = (
			);
			name = ATZAlertController;
			productName = "ATZAlertController->Swift";
			productReference = 6BDA17111D0565F0002BEFEF /* ATZAlertController.app */;
			productType = "com.apple.product-type.application";
		};
/* End PBXNativeTarget section */

/* Begin PBXProject section */
		6C51DAD11CE05FD800B695E0 /* Project object */ = {
			isa = PBXProject;
			attributes = {
				LastSwiftUpdateCheck = 0730;
				LastUpgradeCheck = 0720;
				ORGANIZATIONNAME = shashank;
				TargetAttributes = {
					6BDA17101D0565F0002BEFEF = {
						CreatedOnToolsVersion = 7.3.1;
					};
				};
			};
			buildConfigurationList = 6C51DAD41CE05FD800B695E0 /* Build configuration list for PBXProject "ATZAlertController" */;
			compatibilityVersion = "Xcode 3.2";
			developmentRegion = English;
			hasScannedForEncodings = 0;
			knownRegions = (
				en,
				Base,
			);
			mainGroup = 6C51DAD01CE05FD800B695E0;
			productRefGroup = 6C51DADA1CE05FD800B695E0 /* Products */;
			projectDirPath = "";
			projectRoot = "";
			targets = (
				6BDA17101D0565F0002BEFEF /* ATZAlertController */,
			);
		};
/* End PBXProject section */

/* Begin PBXResourcesBuildPhase section */
		6BDA170F1D0565F0002BEFEF /* Resources */ = {
			isa = PBXResourcesBuildPhase;
			buildActionMask = 2147483647;
			files = (
				6BBB3AED1D4CCB6900210D35 /* Main.storyboard in Resources */,
				6BBB3AEB1D4CCB6900210D35 /* Assets.xcassets in Resources */,
				6BBB3AEC1D4CCB6900210D35 /* LaunchScreen.storyboard in Resources */,
			);
			runOnlyForDeploymentPostprocessing = 0;
		};
/* End PBXResourcesBuildPhase section */

/* Begin PBXSourcesBuildPhase section */
		6BDA170D1D0565F0002BEFEF /* Sources */ = {
			isa = PBXSourcesBuildPhase;
			buildActionMask = 2147483647;
			files = (
				6BBB3AEF1D4CCB6900210D35 /* ViewController.swift in Sources */,
				6BBB3AEA1D4CCB6900210D35 /* AppDelegate.swift in Sources */,
				6BBB3AF41D4CCB8E00210D35 /* ATZAlertController.swift in Sources */,
				6BBB3AF31D4CCB8E00210D35 /* ATZAlertController+Helper.swift in Sources */,
			);
			runOnlyForDeploymentPostprocessing = 0;
		};
/* End PBXSourcesBuildPhase section */

/* Begin PBXVariantGroup section */
		6BBB3AE41D4CCB6900210D35 /* LaunchScreen.storyboard */ = {
			isa = PBXVariantGroup;
			children = (
				6BBB3AE51D4CCB6900210D35 /* Base */,
			);
			name = LaunchScreen.storyboard;
			sourceTree = "<group>";
		};
		6BBB3AE61D4CCB6900210D35 /* Main.storyboard */ = {
			isa = PBXVariantGroup;
			children = (
				6BBB3AE71D4CCB6900210D35 /* Base */,
			);
			name = Main.storyboard;
			sourceTree = "<group>";
		};
/* End PBXVariantGroup section */

/* Begin XCBuildConfiguration section */
		6BDA17211D0565F1002BEFEF /* Debug */ = {
			isa = XCBuildConfiguration;
			buildSettings = {
				ASSETCATALOG_COMPILER_APPICON_NAME = AppIcon;
				CLANG_ANALYZER_NONNULL = YES;
				INFOPLIST_FILE = "$(SRCROOT)/ATZAlertController/Info.plist";
				IPHONEOS_DEPLOYMENT_TARGET = 8.0;
				LD_RUNPATH_SEARCH_PATHS = "$(inherited) @executable_path/Frameworks";
				PRODUCT_BUNDLE_IDENTIFIER = com.shashank.ATZAlertController;
				PRODUCT_NAME = "$(TARGET_NAME)";
				SWIFT_OPTIMIZATION_LEVEL = "-Onone";
			};
			name = Debug;
		};
		6BDA17221D0565F1002BEFEF /* Release */ = {
			isa = XCBuildConfiguration;
			buildSettings = {
				ASSETCATALOG_COMPILER_APPICON_NAME = AppIcon;
				CLANG_ANALYZER_NONNULL = YES;
				INFOPLIST_FILE = "$(SRCROOT)/ATZAlertController/Info.plist";
				IPHONEOS_DEPLOYMENT_TARGET = 8.0;
				LD_RUNPATH_SEARCH_PATHS = "$(inherited) @executable_path/Frameworks";
				PRODUCT_BUNDLE_IDENTIFIER = com.shashank.ATZAlertController;
				PRODUCT_NAME = "$(TARGET_NAME)";
			};
			name = Release;
		};
		6C51DAEE1CE05FD800B695E0 /* Debug */ = {
			isa = XCBuildConfiguration;
			buildSettings = {
				ALWAYS_SEARCH_USER_PATHS = NO;
				CLANG_CXX_LANGUAGE_STANDARD = "gnu++0x";
				CLANG_CXX_LIBRARY = "libc++";
				CLANG_ENABLE_MODULES = YES;
				CLANG_ENABLE_OBJC_ARC = YES;
				CLANG_WARN_BOOL_CONVERSION = YES;
				CLANG_WARN_CONSTANT_CONVERSION = YES;
				CLANG_WARN_DIRECT_OBJC_ISA_USAGE = YES_ERROR;
				CLANG_WARN_EMPTY_BODY = YES;
				CLANG_WARN_ENUM_CONVERSION = YES;
				CLANG_WARN_INT_CONVERSION = YES;
				CLANG_WARN_OBJC_ROOT_CLASS = YES_ERROR;
				CLANG_WARN_UNREACHABLE_CODE = YES;
				CLANG_WARN__DUPLICATE_METHOD_MATCH = YES;
				"CODE_SIGN_IDENTITY[sdk=iphoneos*]" = "iPhone Developer";
				COPY_PHASE_STRIP = NO;
				DEBUG_INFORMATION_FORMAT = dwarf;
				ENABLE_STRICT_OBJC_MSGSEND = YES;
				ENABLE_TESTABILITY = YES;
				GCC_C_LANGUAGE_STANDARD = gnu99;
				GCC_DYNAMIC_NO_PIC = NO;
				GCC_NO_COMMON_BLOCKS = YES;
				GCC_OPTIMIZATION_LEVEL = 0;
				GCC_PREPROCESSOR_DEFINITIONS = (
					"DEBUG=1",
					"$(inherited)",
				);
				GCC_WARN_64_TO_32_BIT_CONVERSION = YES;
				GCC_WARN_ABOUT_RETURN_TYPE = YES_ERROR;
				GCC_WARN_UNDECLARED_SELECTOR = YES;
				GCC_WARN_UNINITIALIZED_AUTOS = YES_AGGRESSIVE;
				GCC_WARN_UNUSED_FUNCTION = YES;
				GCC_WARN_UNUSED_VARIABLE = YES;
				IPHONEOS_DEPLOYMENT_TARGET = 8.0;
				MTL_ENABLE_DEBUG_INFO = YES;
				ONLY_ACTIVE_ARCH = YES;
				SDKROOT = iphoneos;
			};
			name = Debug;
		};
		6C51DAEF1CE05FD800B695E0 /* Release */ = {
			isa = XCBuildConfiguration;
			buildSettings = {
				ALWAYS_SEARCH_USER_PATHS = NO;
				CLANG_CXX_LANGUAGE_STANDARD = "gnu++0x";
				CLANG_CXX_LIBRARY = "libc++";
				CLANG_ENABLE_MODULES = YES;
				CLANG_ENABLE_OBJC_ARC = YES;
				CLANG_WARN_BOOL_CONVERSION = YES;
				CLANG_WARN_CONSTANT_CONVERSION = YES;
				CLANG_WARN_DIRECT_OBJC_ISA_USAGE = YES_ERROR;
				CLANG_WARN_EMPTY_BODY = YES;
				CLANG_WARN_ENUM_CONVERSION = YES;
				CLANG_WARN_INT_CONVERSION = YES;
				CLANG_WARN_OBJC_ROOT_CLASS = YES_ERROR;
				CLANG_WARN_UNREACHABLE_CODE = YES;
				CLANG_WARN__DUPLICATE_METHOD_MATCH = YES;
				"CODE_SIGN_IDENTITY[sdk=iphoneos*]" = "iPhone Developer";
				COPY_PHASE_STRIP = NO;
				DEBUG_INFORMATION_FORMAT = "dwarf-with-dsym";
				ENABLE_NS_ASSERTIONS = NO;
				ENABLE_STRICT_OBJC_MSGSEND = YES;
				GCC_C_LANGUAGE_STANDARD = gnu99;
				GCC_NO_COMMON_BLOCKS = YES;
				GCC_WARN_64_TO_32_BIT_CONVERSION = YES;
				GCC_WARN_ABOUT_RETURN_TYPE = YES_ERROR;
				GCC_WARN_UNDECLARED_SELECTOR = YES;
				GCC_WARN_UNINITIALIZED_AUTOS = YES_AGGRESSIVE;
				GCC_WARN_UNUSED_FUNCTION = YES;
				GCC_WARN_UNUSED_VARIABLE = YES;
				IPHONEOS_DEPLOYMENT_TARGET = 8.0;
				MTL_ENABLE_DEBUG_INFO = NO;
				SDKROOT = iphoneos;
				VALIDATE_PRODUCT = YES;
			};
			name = Release;
		};
/* End XCBuildConfiguration section */

/* Begin XCConfigurationList section */
		6BDA17201D0565F1002BEFEF /* Build configuration list for PBXNativeTarget "ATZAlertController" */ = {
			isa = XCConfigurationList;
			buildConfigurations = (
				6BDA17211D0565F1002BEFEF /* Debug */,
				6BDA17221D0565F1002BEFEF /* Release */,
			);
			defaultConfigurationIsVisible = 0;
			defaultConfigurationName = Release;
		};
		6C51DAD41CE05FD800B695E0 /* Build configuration list for PBXProject "ATZAlertController" */ = {
			isa = XCConfigurationList;
			buildConfigurations = (
				6C51DAEE1CE05FD800B695E0 /* Debug */,
				6C51DAEF1CE05FD800B695E0 /* Release */,
			);
			defaultConfigurationIsVisible = 0;
			defaultConfigurationName = Release;
		};
/* End XCConfigurationList section */
	};
	rootObject = 6C51DAD11CE05FD800B695E0 /* Project object */;
}
